
Microsoft Visual Studio Solution File, Format Version 12.00
Project("{FAE04EC0-301F-11D3-BF4B-00C04F79EFBC}") = "UserToolsApp", "UserToolsApp\UserToolsApp.csproj", "{95213BB7-8E6C-441A-B913-8F5951ACC73F}"
EndProject
Global
	GlobalSection(SolutionConfigurationPlatforms) = preSolution
		Debug|Any CPU = Debug|Any CPU
		Release|Any CPU = Release|Any CPU
	EndGlobalSection
	GlobalSection(ProjectConfigurationPlatforms) = postSolution
		{95213BB7-8E6C-441A-B913-8F5951ACC73F}.Debug|Any CPU.ActiveCfg = Debug|Any CPU
		{95213BB7-8E6C-441A-B913-8F5951ACC73F}.Debug|Any CPU.Build.0 = Debug|Any CPU
		{95213BB7-8E6C-441A-B913-8F5951ACC73F}.Release|Any CPU.ActiveCfg = Release|Any CPU
		{95213BB7-8E6C-441A-B913-8F5951ACC73F}.Release|Any CPU.Build.0 = Release|Any CPU
	EndGlobalSection
EndGlobal
